<Solution>
	<Folder Name="/Solution Items/">
		<File Path=".editorconfig" />
		<File Path=".gitattributes" />
		<File Path=".gitignore" />
		<File Path="CLAUDE.md" />
		<File Path="Directory.Build.props" />
		<File Path="global.json" />
		<File Path="LICENSE" />
		<File Path="nuget.config" />
		<File Path="README.md" />
	</Folder>
	<Folder Name="/src/">
		<File Path="src/Directory.Build.props" />
		<File Path="src/Directory.Build.targets" />
		<Project Path="src/Identity.Migrations/Identity.Migrations.csproj" />
		<Project Path="src/Identity.Migrations.PostgreSQL/Identity.Migrations.PostgreSQL.csproj" />
		<Project Path="src/Identity.Migrations.SqlServer/Identity.Migrations.SqlServer.csproj" />
		<Project Path="src/Identity/Identity.csproj" />
		<Project Path="src/Identity.Web.Server/Identity.Web.Server.csproj" />
	</Folder>
	<Folder Name="/tests/">
		<File Path="tests/Directory.Build.props" />
		<File Path="tests/Directory.Build.targets" />
		<Project Path="tests/Identity.Migrations.Tests/Identity.Migrations.Tests.csproj" />
		<Project Path="tests/Identity.Migrations.PostgreSQL.Tests/Identity.Migrations.PostgreSQL.Tests.csproj" />
		<Project Path="tests/Identity.Migrations.SqlServer.Tests/Identity.Migrations.SqlServer.Tests.csproj" />
		<Project Path="tests/Identity.Tests/Identity.Tests.csproj" />
		<Project Path="tests/Identity.Web.Server.Tests/Identity.Web.Server.Tests.csproj" />
	</Folder>
</Solution>
